
Microsoft Visual Studio Solution File, Format Version 12.00
# Visual Studio Version 17
VisualStudioVersion = 17.4.33403.182
MinimumVisualStudioVersion = 10.0.40219.1
Project("{9A19103F-16F7-4668-BE54-9A1E7A4F7556}") = "Sales.API", "Sales.API\Sales.API.csproj", "{85DF23F1-3E84-4CF5-B4FC-08971D5F2C12}"
EndProject
Project("{9A19103F-16F7-4668-BE54-9A1E7A4F7556}") = "Sales.WEB", "Sales.WEB\Sales.WEB.csproj", "{770C7184-3460-46F5-834E-B46F652D8904}"
EndProject
Project("{9A19103F-16F7-4668-BE54-9A1E7A4F7556}") = "Sales.Mobile", "Sales.Mobile\Sales.Mobile.csproj", "{42B9EADC-71B8-4F01-AAA8-92CFD6BA1400}"
EndProject
Project("{9A19103F-16F7-4668-BE54-9A1E7A4F7556}") = "Sales.Shared", "Sales.Shared\Sales.Shared.csproj", "{DF71D1B1-DA62-4F5C-9AB3-AA936E2F9F69}"
EndProject
Global
	GlobalSection(SolutionConfigurationPlatforms) = preSolution
		Debug|Any CPU = Debug|Any CPU
		Release|Any CPU = Release|Any CPU
	EndGlobalSection
	GlobalSection(ProjectConfigurationPlatforms) = postSolution
		{85DF23F1-3E84-4CF5-B4FC-08971D5F2C12}.Debug|Any CPU.ActiveCfg = Debug|Any CPU
		{85DF23F1-3E84-4CF5-B4FC-08971D5F2C12}.Debug|Any CPU.Build.0 = Debug|Any CPU
		{85DF23F1-3E84-4CF5-B4FC-08971D5F2C12}.Release|Any CPU.ActiveCfg = Release|Any CPU
		{85DF23F1-3E84-4CF5-B4FC-08971D5F2C12}.Release|Any CPU.Build.0 = Release|Any CPU
		{770C7184-3460-46F5-834E-B46F652D8904}.Debug|Any CPU.ActiveCfg = Debug|Any CPU
		{770C7184-3460-46F5-834E-B46F652D8904}.Debug|Any CPU.Build.0 = Debug|Any CPU
		{770C7184-3460-46F5-834E-B46F652D8904}.Release|Any CPU.ActiveCfg = Release|Any CPU
		{770C7184-3460-46F5-834E-B46F652D8904}.Release|Any CPU.Build.0 = Release|Any CPU
		{42B9EADC-71B8-4F01-AAA8-92CFD6BA1400}.Debug|Any CPU.ActiveCfg = Debug|Any CPU
		{42B9EADC-71B8-4F01-AAA8-92CFD6BA1400}.Debug|Any CPU.Build.0 = Debug|Any CPU
		{42B9EADC-71B8-4F01-AAA8-92CFD6BA1400}.Debug|Any CPU.Deploy.0 = Debug|Any CPU
		{42B9EADC-71B8-4F01-AAA8-92CFD6BA1400}.Release|Any CPU.ActiveCfg = Release|Any CPU
		{42B9EADC-71B8-4F01-AAA8-92CFD6BA1400}.Release|Any CPU.Build.0 = Release|Any CPU
		{42B9EADC-71B8-4F01-AAA8-92CFD6BA1400}.Release|Any CPU.Deploy.0 = Release|Any CPU
		{DF71D1B1-DA62-4F5C-9AB3-AA936E2F9F69}.Debug|Any CPU.ActiveCfg = Debug|Any CPU
		{DF71D1B1-DA62-4F5C-9AB3-AA936E2F9F69}.Debug|Any CPU.Build.0 = Debug|Any CPU
		{DF71D1B1-DA62-4F5C-9AB3-AA936E2F9F69}.Release|Any CPU.ActiveCfg = Release|Any CPU
		{DF71D1B1-DA62-4F5C-9AB3-AA936E2F9F69}.Release|Any CPU.Build.0 = Release|Any CPU
	EndGlobalSection
	GlobalSection(SolutionProperties) = preSolution
		HideSolutionNode = FALSE
	EndGlobalSection
	GlobalSection(ExtensibilityGlobals) = postSolution
		SolutionGuid = {BE38115D-553F-4CE7-B177-FD3979A6A5E0}
	EndGlobalSection
EndGlobal
